
Microsoft Visual Studio Solution File, Format Version 12.00
# Visual Studio 2013
VisualStudioVersion = 12.0.40629.0
MinimumVisualStudioVersion = 10.0.40219.1
Project("{FAE04EC0-301F-11D3-BF4B-00C04F79EFBC}") = "WebChat.Models", "WebChat.Models\WebChat.Models.csproj", "{A415CC92-2A05-4579-BD83-604365D09D69}"
EndProject
Project("{FAE04EC0-301F-11D3-BF4B-00C04F79EFBC}") = "WebChat.DataLayer", "WebChat.DataLayer\WebChat.DataLayer.csproj", "{83E7B074-DBBF-406F-91DE-6559EFD783A6}"
EndProject
Project("{FAE04EC0-301F-11D3-BF4B-00C04F79EFBC}") = "WebChat.Services", "WebChat.Services\WebChat.Services.csproj", "{8B4D193D-AD75-447D-A394-E9DD2748E8F2}"
EndProject
Project("{FAE04EC0-301F-11D3-BF4B-00C04F79EFBC}") = "TEST", "TEST\TEST.csproj", "{3EBE9CC4-765E-433A-BEC8-C1E25C4CDE7C}"
EndProject
Global
	GlobalSection(SolutionConfigurationPlatforms) = preSolution
		Debug|Any CPU = Debug|Any CPU
		Release|Any CPU = Release|Any CPU
	EndGlobalSection
	GlobalSection(ProjectConfigurationPlatforms) = postSolution
		{A415CC92-2A05-4579-BD83-604365D09D69}.Debug|Any CPU.ActiveCfg = Debug|Any CPU
		{A415CC92-2A05-4579-BD83-604365D09D69}.Debug|Any CPU.Build.0 = Debug|Any CPU
		{A415CC92-2A05-4579-BD83-604365D09D69}.Release|Any CPU.ActiveCfg = Release|Any CPU
		{A415CC92-2A05-4579-BD83-604365D09D69}.Release|Any CPU.Build.0 = Release|Any CPU
		{83E7B074-DBBF-406F-91DE-6559EFD783A6}.Debug|Any CPU.ActiveCfg = Debug|Any CPU
		{83E7B074-DBBF-406F-91DE-6559EFD783A6}.Debug|Any CPU.Build.0 = Debug|Any CPU
		{83E7B074-DBBF-406F-91DE-6559EFD783A6}.Release|Any CPU.ActiveCfg = Release|Any CPU
		{83E7B074-DBBF-406F-91DE-6559EFD783A6}.Release|Any CPU.Build.0 = Release|Any CPU
		{8B4D193D-AD75-447D-A394-E9DD2748E8F2}.Debug|Any CPU.ActiveCfg = Debug|Any CPU
		{8B4D193D-AD75-447D-A394-E9DD2748E8F2}.Debug|Any CPU.Build.0 = Debug|Any CPU
		{8B4D193D-AD75-447D-A394-E9DD2748E8F2}.Release|Any CPU.ActiveCfg = Release|Any CPU
		{8B4D193D-AD75-447D-A394-E9DD2748E8F2}.Release|Any CPU.Build.0 = Release|Any CPU
		{3EBE9CC4-765E-433A-BEC8-C1E25C4CDE7C}.Debug|Any CPU.ActiveCfg = Debug|Any CPU
		{3EBE9CC4-765E-433A-BEC8-C1E25C4CDE7C}.Debug|Any CPU.Build.0 = Debug|Any CPU
		{3EBE9CC4-765E-433A-BEC8-C1E25C4CDE7C}.Release|Any CPU.ActiveCfg = Release|Any CPU
		{3EBE9CC4-765E-433A-BEC8-C1E25C4CDE7C}.Release|Any CPU.Build.0 = Release|Any CPU
	EndGlobalSection
	GlobalSection(SolutionProperties) = preSolution
		HideSolutionNode = FALSE
	EndGlobalSection
EndGlobal
